
Microsoft Visual Studio Solution File, Format Version 12.00
# Visual Studio Version 17
VisualStudioVersion = 17.3.32825.248
MinimumVisualStudioVersion = 10.0.40219.1
Project("{FAE04EC0-301F-11D3-BF4B-00C04F79EFBC}") = "pogoda", "pogoda\pogoda.csproj", "{FFD8C6C6-4D51-4BBC-9A13-149CB1ED42DB}"
EndProject
Global
	GlobalSection(SolutionConfigurationPlatforms) = preSolution
		Debug|Any CPU = Debug|Any CPU
		Release|Any CPU = Release|Any CPU
	EndGlobalSection
	GlobalSection(ProjectConfigurationPlatforms) = postSolution
		{FFD8C6C6-4D51-4BBC-9A13-149CB1ED42DB}.Debug|Any CPU.ActiveCfg = Debug|Any CPU
		{FFD8C6C6-4D51-4BBC-9A13-149CB1ED42DB}.Debug|Any CPU.Build.0 = Debug|Any CPU
		{FFD8C6C6-4D51-4BBC-9A13-149CB1ED42DB}.Release|Any CPU.ActiveCfg = Release|Any CPU
		{FFD8C6C6-4D51-4BBC-9A13-149CB1ED42DB}.Release|Any CPU.Build.0 = Release|Any CPU
	EndGlobalSection
	GlobalSection(SolutionProperties) = preSolution
		HideSolutionNode = FALSE
	EndGlobalSection
	GlobalSection(ExtensibilityGlobals) = postSolution
		SolutionGuid = {5E446EAA-EA84-4E2C-B189-6077E9E5928B}
	EndGlobalSection
EndGlobal
